// !$*UTF8*$!
{
	archiveVersion = 1;
	classes = {
	};
	objectVersion = 56;
	objects = {

/* Begin PBXBuildFile section */
		1BF831762B18521900814066 /* AppDelegate.swift in Sources */ = {isa = PBXBuildFile; fileRef = 1BF831752B18521900814066 /* AppDelegate.swift */; };
		1BF831782B18521900814066 /* SceneDelegate.swift in Sources */ = {isa = PBXBuildFile; fileRef = 1BF831772B18521900814066 /* SceneDelegate.swift */; };
		1BF8317A2B18521900814066 /* ViewController.swift in Sources */ = {isa = PBXBuildFile; fileRef = 1BF831792B18521900814066 /* ViewController.swift */; };
		1BF8317D2B18521900814066 /* Main.storyboard in Resources */ = {isa = PBXBuildFile; fileRef = 1BF8317B2B18521900814066 /* Main.storyboard */; };
		1BF831802B18521900814066 /* SpiritPath.xcdatamodeld in Sources */ = {isa = PBXBuildFile; fileRef = 1BF8317E2B18521900814066 /* SpiritPath.xcdatamodeld */; };
		1BF831822B18521B00814066 /* Assets.xcassets in Resources */ = {isa = PBXBuildFile; fileRef = 1BF831812B18521B00814066 /* Assets.xcassets */; };
		1BF831852B18521B00814066 /* LaunchScreen.storyboard in Resources */ = {isa = PBXBuildFile; fileRef = 1BF831832B18521B00814066 /* LaunchScreen.storyboard */; };
		1BF831902B18521B00814066 /* SpiritPathTests.swift in Sources */ = {isa = PBXBuildFile; fileRef = 1BF8318F2B18521B00814066 /* SpiritPathTests.swift */; };
		1BF8319A2B18521B00814066 /* SpiritPathUITests.swift in Sources */ = {isa = PBXBuildFile; fileRef = 1BF831992B18521B00814066 /* SpiritPathUITests.swift */; };
		1BF8319C2B18521B00814066 /* SpiritPathUITestsLaunchTests.swift in Sources */ = {isa = PBXBuildFile; fileRef = 1BF8319B2B18521B00814066 /* SpiritPathUITestsLaunchTests.swift */; };
/* End PBXBuildFile section */

/* Begin PBXContainerItemProxy section */
		1BF8318C2B18521B00814066 /* PBXContainerItemProxy */ = {
			isa = PBXContainerItemProxy;
			containerPortal = 1BF8316A2B18521900814066 /* Project object */;
			proxyType = 1;
			remoteGlobalIDString = 1BF831712B18521900814066;
			remoteInfo = SpiritPath;
		};
		1BF831962B18521B00814066 /* PBXContainerItemProxy */ = {
			isa = PBXContainerItemProxy;
			containerPortal = 1BF8316A2B18521900814066 /* Project object */;
			proxyType = 1;
			remoteGlobalIDString = 1BF831712B18521900814066;
			remoteInfo = SpiritPath;
		};
/* End PBXContainerItemProxy section */

/* Begin PBXFileReference section */
		1BF831722B18521900814066 /* SpiritPath.app */ = {isa = PBXFileReference; explicitFileType = wrapper.application; includeInIndex = 0; path = SpiritPath.app; sourceTree = BUILT_PRODUCTS_DIR; };
		1BF831752B18521900814066 /* AppDelegate.swift */ = {isa = PBXFileReference; lastKnownFileType = sourcecode.swift; path = AppDelegate.swift; sourceTree = "<group>"; };
		1BF831772B18521900814066 /* SceneDelegate.swift */ = {isa = PBXFileReference; lastKnownFileType = sourcecode.swift; path = SceneDelegate.swift; sourceTree = "<group>"; };
		1BF831792B18521900814066 /* ViewController.swift */ = {isa = PBXFileReference; lastKnownFileType = sourcecode.swift; path = ViewController.swift; sourceTree = "<group>"; };
		1BF8317C2B18521900814066 /* Base */ = {isa = PBXFileReference; lastKnownFileType = file.storyboard; name = Base; path = Base.lproj/Main.storyboard; sourceTree = "<group>"; };
		1BF8317F2B18521900814066 /* SpiritPath.xcdatamodel */ = {isa = PBXFileReference; lastKnownFileType = wrapper.xcdatamodel; path = SpiritPath.xcdatamodel; sourceTree = "<group>"; };
		1BF831812B18521B00814066 /* Assets.xcassets */ = {isa = PBXFileReference; lastKnownFileType = folder.assetcatalog; path = Assets.xcassets; sourceTree = "<group>"; };
		1BF831842B18521B00814066 /* Base */ = {isa = PBXFileReference; lastKnownFileType = file.storyboard; name = Base; path = Base.lproj/LaunchScreen.storyboard; sourceTree = "<group>"; };
		1BF831862B18521B00814066 /* Info.plist */ = {isa = PBXFileReference; lastKnownFileType = text.plist.xml; path = Info.plist; sourceTree = "<group>"; };
		1BF8318B2B18521B00814066 /* SpiritPathTests.xctest */ = {isa = PBXFileReference; explicitFileType = wrapper.cfbundle; includeInIndex = 0; path = SpiritPathTests.xctest; sourceTree = BUILT_PRODUCTS_DIR; };
		1BF8318F2B18521B00814066 /* SpiritPathTests.swift */ = {isa = PBXFileReference; lastKnownFileType = sourcecode.swift; path = SpiritPathTests.swift; sourceTree = "<group>"; };
		1BF831952B18521B00814066 /* SpiritPathUITests.xctest */ = {isa = PBXFileReference; explicitFileType = wrapper.cfbundle; includeInIndex = 0; path = SpiritPathUITests.xctest; sourceTree = BUILT_PRODUCTS_DIR; };
		1BF831992B18521B00814066 /* SpiritPathUITests.swift */ = {isa = PBXFileReference; lastKnownFileType = sourcecode.swift; path = SpiritPathUITests.swift; sourceTree = "<group>"; };
		1BF8319B2B18521B00814066 /* SpiritPathUITestsLaunchTests.swift */ = {isa = PBXFileReference; lastKnownFileType = sourcecode.swift; path = SpiritPathUITestsLaunchTests.swift; sourceTree = "<group>"; };
/* End PBXFileReference section */

/* Begin PBXFrameworksBuildPhase section */
		1BF8316F2B18521900814066 /* Frameworks */ = {
			isa = PBXFrameworksBuildPhase;
			buildActionMask = 2147483647;
			files = (
			);
			runOnlyForDeploymentPostprocessing = 0;
		};
		1BF831882B18521B00814066 /* Frameworks */ = {
			isa = PBXFrameworksBuildPhase;
			buildActionMask = 2147483647;
			files = (
			);
			runOnlyForDeploymentPostprocessing = 0;
		};
		1BF831922B18521B00814066 /* Frameworks */ = {
			isa = PBXFrameworksBuildPhase;
			buildActionMask = 2147483647;
			files = (
			);
			runOnlyForDeploymentPostprocessing = 0;
		};
/* End PBXFrameworksBuildPhase section */

/* Begin PBXGroup section */
		1BF831692B18521900814066 = {
			isa = PBXGroup;
			children = (
				1BF831742B18521900814066 /* SpiritPath */,
				1BF8318E2B18521B00814066 /* SpiritPathTests */,
				1BF831982B18521B00814066 /* SpiritPathUITests */,
				1BF831732B18521900814066 /* Products */,
			);
			sourceTree = "<group>";
		};
		1BF831732B18521900814066 /* Products */ = {
			isa = PBXGroup;
			children = (
				1BF831722B18521900814066 /* SpiritPath.app */,
				1BF8318B2B18521B00814066 /* SpiritPathTests.xctest */,
				1BF831952B18521B00814066 /* SpiritPathUITests.xctest */,
			);
			name = Products;
			sourceTree = "<group>";
		};
		1BF831742B18521900814066 /* SpiritPath */ = {
			isa = PBXGroup;
			children = (
				1BF831752B18521900814066 /* AppDelegate.swift */,
				1BF831772B18521900814066 /* SceneDelegate.swift */,
				1BF831792B18521900814066 /* ViewController.swift */,
				1BF8317B2B18521900814066 /* Main.storyboard */,
				1BF831812B18521B00814066 /* Assets.xcassets */,
				1BF831832B18521B00814066 /* LaunchScreen.storyboard */,
				1BF831862B18521B00814066 /* Info.plist */,
				1BF8317E2B18521900814066 /* SpiritPath.xcdatamodeld */,
			);
			path = SpiritPath;
			sourceTree = "<group>";
		};
		1BF8318E2B18521B00814066 /* SpiritPathTests */ = {
			isa = PBXGroup;
			children = (
				1BF8318F2B18521B00814066 /* SpiritPathTests.swift */,
			);
			path = SpiritPathTests;
			sourceTree = "<group>";
		};
		1BF831982B18521B00814066 /* SpiritPathUITests */ = {
			isa = PBXGroup;
			children = (
				1BF831992B18521B00814066 /* SpiritPathUITests.swift */,
				1BF8319B2B18521B00814066 /* SpiritPathUITestsLaunchTests.swift */,
			);
			path = SpiritPathUITests;
			sourceTree = "<group>";
		};
/* End PBXGroup section */

/* Begin PBXNativeTarget section */
		1BF831712B18521900814066 /* SpiritPath */ = {
			isa = PBXNativeTarget;
			buildConfigurationList = 1BF8319F2B18521B00814066 /* Build configuration list for PBXNativeTarget "SpiritPath" */;
			buildPhases = (
				1BF8316E2B18521900814066 /* Sources */,
				1BF8316F2B18521900814066 /* Frameworks */,
				1BF831702B18521900814066 /* Resources */,
			);
			buildRules = (
			);
			dependencies = (
			);
			name = SpiritPath;
			productName = SpiritPath;
			productReference = 1BF831722B18521900814066 /* SpiritPath.app */;
			productType = "com.apple.product-type.application";
		};
		1BF8318A2B18521B00814066 /* SpiritPathTests */ = {
			isa = PBXNativeTarget;
			buildConfigurationList = 1BF831A22B18521B00814066 /* Build configuration list for PBXNativeTarget "SpiritPathTests" */;
			buildPhases = (
				1BF831872B18521B00814066 /* Sources */,
				1BF831882B18521B00814066 /* Frameworks */,
				1BF831892B18521B00814066 /* Resources */,
			);
			buildRules = (
			);
			dependencies = (
				1BF8318D2B18521B00814066 /* PBXTargetDependency */,
			);
			name = SpiritPathTests;
			productName = SpiritPathTests;
			productReference = 1BF8318B2B18521B00814066 /* SpiritPathTests.xctest */;
			productType = "com.apple.product-type.bundle.unit-test";
		};
		1BF831942B18521B00814066 /* SpiritPathUITests */ = {
			isa = PBXNativeTarget;
			buildConfigurationList = 1BF831A52B18521B00814066 /* Build configuration list for PBXNativeTarget "SpiritPathUITests" */;
			buildPhases = (
				1BF831912B18521B00814066 /* Sources */,
				1BF831922B18521B00814066 /* Frameworks */,
				1BF831932B18521B00814066 /* Resources */,
			);
			buildRules = (
			);
			dependencies = (
				1BF831972B18521B00814066 /* PBXTargetDependency */,
			);
			name = SpiritPathUITests;
			productName = SpiritPathUITests;
			productReference = 1BF831952B18521B00814066 /* SpiritPathUITests.xctest */;
			productType = "com.apple.product-type.bundle.ui-testing";
		};
/* End PBXNativeTarget section */

/* Begin PBXProject section */
		1BF8316A2B18521900814066 /* Project object */ = {
			isa = PBXProject;
			attributes = {
				BuildIndependentTargetsInParallel = 1;
				LastSwiftUpdateCheck = 1500;
				LastUpgradeCheck = 1500;
				TargetAttributes = {
					1BF831712B18521900814066 = {
						CreatedOnToolsVersion = 15.0;
					};
					1BF8318A2B18521B00814066 = {
						CreatedOnToolsVersion = 15.0;
						TestTargetID = 1BF831712B18521900814066;
					};
					1BF831942B18521B00814066 = {
						CreatedOnToolsVersion = 15.0;
						TestTargetID = 1BF831712B18521900814066;
					};
				};
			};
			buildConfigurationList = 1BF8316D2B18521900814066 /* Build configuration list for PBXProject "SpiritPath" */;
			compatibilityVersion = "Xcode 14.0";
			developmentRegion = en;
			hasScannedForEncodings = 0;
			knownRegions = (
				en,
				Base,
			);
			mainGroup = 1BF831692B18521900814066;
			productRefGroup = 1BF831732B18521900814066 /* Products */;
			projectDirPath = "";
			projectRoot = "";
			targets = (
				1BF831712B18521900814066 /* SpiritPath */,
				1BF8318A2B18521B00814066 /* SpiritPathTests */,
				1BF831942B18521B00814066 /* SpiritPathUITests */,
			);
		};
/* End PBXProject section */

/* Begin PBXResourcesBuildPhase section */
		1BF831702B18521900814066 /* Resources */ = {
			isa = PBXResourcesBuildPhase;
			buildActionMask = 2147483647;
			files = (
				1BF831852B18521B00814066 /* LaunchScreen.storyboard in Resources */,
				1BF831822B18521B00814066 /* Assets.xcassets in Resources */,
				1BF8317D2B18521900814066 /* Main.storyboard in Resources */,
			);
			runOnlyForDeploymentPostprocessing = 0;
		};
		1BF831892B18521B00814066 /* Resources */ = {
			isa = PBXResourcesBuildPhase;
			buildActionMask = 2147483647;
			files = (
			);
			runOnlyForDeploymentPostprocessing = 0;
		};
		1BF831932B18521B00814066 /* Resources */ = {
			isa = PBXResourcesBuildPhase;
			buildActionMask = 2147483647;
			files = (
			);
			runOnlyForDeploymentPostprocessing = 0;
		};
/* End PBXResourcesBuildPhase section */

/* Begin PBXSourcesBuildPhase section */
		1BF8316E2B18521900814066 /* Sources */ = {
			isa = PBXSourcesBuildPhase;
			buildActionMask = 2147483647;
			files = (
				1BF8317A2B18521900814066 /* ViewController.swift in Sources */,
				1BF831762B18521900814066 /* AppDelegate.swift in Sources */,
				1BF831782B18521900814066 /* SceneDelegate.swift in Sources */,
				1BF831802B18521900814066 /* SpiritPath.xcdatamodeld in Sources */,
			);
			runOnlyForDeploymentPostprocessing = 0;
		};
		1BF831872B18521B00814066 /* Sources */ = {
			isa = PBXSourcesBuildPhase;
			buildActionMask = 2147483647;
			files = (
				1BF831902B18521B00814066 /* SpiritPathTests.swift in Sources */,
			);
			runOnlyForDeploymentPostprocessing = 0;
		};
		1BF831912B18521B00814066 /* Sources */ = {
			isa = PBXSourcesBuildPhase;
			buildActionMask = 2147483647;
			files = (
				1BF8319C2B18521B00814066 /* SpiritPathUITestsLaunchTests.swift in Sources */,
				1BF8319A2B18521B00814066 /* SpiritPathUITests.swift in Sources */,
			);
			runOnlyForDeploymentPostprocessing = 0;
		};
/* End PBXSourcesBuildPhase section */

/* Begin PBXTargetDependency section */
		1BF8318D2B18521B00814066 /* PBXTargetDependency */ = {
			isa = PBXTargetDependency;
			target = 1BF831712B18521900814066 /* SpiritPath */;
			targetProxy = 1BF8318C2B18521B00814066 /* PBXContainerItemProxy */;
		};
		1BF831972B18521B00814066 /* PBXTargetDependency */ = {
			isa = PBXTargetDependency;
			target = 1BF831712B18521900814066 /* SpiritPath */;
			targetProxy = 1BF831962B18521B00814066 /* PBXContainerItemProxy */;
		};
/* End PBXTargetDependency section */

/* Begin PBXVariantGroup section */
		1BF8317B2B18521900814066 /* Main.storyboard */ = {
			isa = PBXVariantGroup;
			children = (
				1BF8317C2B18521900814066 /* Base */,
			);
			name = Main.storyboard;
			sourceTree = "<group>";
		};
		1BF831832B18521B00814066 /* LaunchScreen.storyboard */ = {
			isa = PBXVariantGroup;
			children = (
				1BF831842B18521B00814066 /* Base */,
			);
			name = LaunchScreen.storyboard;
			sourceTree = "<group>";
		};
/* End PBXVariantGroup section */

/* Begin XCBuildConfiguration section */
		1BF8319D2B18521B00814066 /* Debug */ = {
			isa = XCBuildConfiguration;
			buildSettings = {
				ALWAYS_SEARCH_USER_PATHS = NO;
				ASSETCATALOG_COMPILER_GENERATE_SWIFT_ASSET_SYMBOL_EXTENSIONS = YES;
				CLANG_ANALYZER_NONNULL = YES;
				CLANG_ANALYZER_NUMBER_OBJECT_CONVERSION = YES_AGGRESSIVE;
				CLANG_CXX_LANGUAGE_STANDARD = "gnu++20";
				CLANG_ENABLE_MODULES = YES;
				CLANG_ENABLE_OBJC_ARC = YES;
				CLANG_ENABLE_OBJC_WEAK = YES;
				CLANG_WARN_BLOCK_CAPTURE_AUTORELEASING = YES;
				CLANG_WARN_BOOL_CONVERSION = YES;
				CLANG_WARN_COMMA = YES;
				CLANG_WARN_CONSTANT_CONVERSION = YES;
				CLANG_WARN_DEPRECATED_OBJC_IMPLEMENTATIONS = YES;
				CLANG_WARN_DIRECT_OBJC_ISA_USAGE = YES_ERROR;
				CLANG_WARN_DOCUMENTATION_COMMENTS = YES;
				CLANG_WARN_EMPTY_BODY = YES;
				CLANG_WARN_ENUM_CONVERSION = YES;
				CLANG_WARN_INFINITE_RECURSION = YES;
				CLANG_WARN_INT_CONVERSION = YES;
				CLANG_WARN_NON_LITERAL_NULL_CONVERSION = YES;
				CLANG_WARN_OBJC_IMPLICIT_RETAIN_SELF = YES;
				CLANG_WARN_OBJC_LITERAL_CONVERSION = YES;
				CLANG_WARN_OBJC_ROOT_CLASS = YES_ERROR;
				CLANG_WARN_QUOTED_INCLUDE_IN_FRAMEWORK_HEADER = YES;
				CLANG_WARN_RANGE_LOOP_ANALYSIS = YES;
				CLANG_WARN_STRICT_PROTOTYPES = YES;
				CLANG_WARN_SUSPICIOUS_MOVE = YES;
				CLANG_WARN_UNGUARDED_AVAILABILITY = YES_AGGRESSIVE;
				CLANG_WARN_UNREACHABLE_CODE = YES;
				CLANG_WARN__DUPLICATE_METHOD_MATCH = YES;
				COPY_PHASE_STRIP = NO;
				DEBUG_INFORMATION_FORMAT = dwarf;
				ENABLE_STRICT_OBJC_MSGSEND = YES;
				ENABLE_TESTABILITY = YES;
				ENABLE_USER_SCRIPT_SANDBOXING = YES;
				GCC_C_LANGUAGE_STANDARD = gnu17;
				GCC_DYNAMIC_NO_PIC = NO;
				GCC_NO_COMMON_BLOCKS = YES;
				GCC_OPTIMIZATION_LEVEL = 0;
				GCC_PREPROCESSOR_DEFINITIONS = (
					"DEBUG=1",
					"$(inherited)",
				);
				GCC_WARN_64_TO_32_BIT_CONVERSION = YES;
				GCC_WARN_ABOUT_RETURN_TYPE = YES_ERROR;
				GCC_WARN_UNDECLARED_SELECTOR = YES;
				GCC_WARN_UNINITIALIZED_AUTOS = YES_AGGRESSIVE;
				GCC_WARN_UNUSED_FUNCTION = YES;
				GCC_WARN_UNUSED_VARIABLE = YES;
				IPHONEOS_DEPLOYMENT_TARGET = 17.0;
				LOCALIZATION_PREFERS_STRING_CATALOGS = YES;
				MTL_ENABLE_DEBUG_INFO = INCLUDE_SOURCE;
				MTL_FAST_MATH = YES;
				ONLY_ACTIVE_ARCH = YES;
				SDKROOT = iphoneos;
				SWIFT_ACTIVE_COMPILATION_CONDITIONS = "DEBUG $(inherited)";
				SWIFT_OPTIMIZATION_LEVEL = "-Onone";
			};
			name = Debug;
		};
		1BF8319E2B18521B00814066 /* Release */ = {
			isa = XCBuildConfiguration;
			buildSettings = {
				ALWAYS_SEARCH_USER_PATHS = NO;
				ASSETCATALOG_COMPILER_GENERATE_SWIFT_ASSET_SYMBOL_EXTENSIONS = YES;
				CLANG_ANALYZER_NONNULL = YES;
				CLANG_ANALYZER_NUMBER_OBJECT_CONVERSION = YES_AGGRESSIVE;
				CLANG_CXX_LANGUAGE_STANDARD = "gnu++20";
				CLANG_ENABLE_MODULES = YES;
				CLANG_ENABLE_OBJC_ARC = YES;
				CLANG_ENABLE_OBJC_WEAK = YES;
				CLANG_WARN_BLOCK_CAPTURE_AUTORELEASING = YES;
				CLANG_WARN_BOOL_CONVERSION = YES;
				CLANG_WARN_COMMA = YES;
				CLANG_WARN_CONSTANT_CONVERSION = YES;
				CLANG_WARN_DEPRECATED_OBJC_IMPLEMENTATIONS = YES;
				CLANG_WARN_DIRECT_OBJC_ISA_USAGE = YES_ERROR;
				CLANG_WARN_DOCUMENTATION_COMMENTS = YES;
				CLANG_WARN_EMPTY_BODY = YES;
				CLANG_WARN_ENUM_CONVERSION = YES;
				CLANG_WARN_INFINITE_RECURSION = YES;
				CLANG_WARN_INT_CONVERSION = YES;
				CLANG_WARN_NON_LITERAL_NULL_CONVERSION = YES;
				CLANG_WARN_OBJC_IMPLICIT_RETAIN_SELF = YES;
				CLANG_WARN_OBJC_LITERAL_CONVERSION = YES;
				CLANG_WARN_OBJC_ROOT_CLASS = YES_ERROR;
				CLANG_WARN_QUOTED_INCLUDE_IN_FRAMEWORK_HEADER = YES;
				CLANG_WARN_RANGE_LOOP_ANALYSIS = YES;
				CLANG_WARN_STRICT_PROTOTYPES = YES;
				CLANG_WARN_SUSPICIOUS_MOVE = YES;
				CLANG_WARN_UNGUARDED_AVAILABILITY = YES_AGGRESSIVE;
				CLANG_WARN_UNREACHABLE_CODE = YES;
				CLANG_WARN__DUPLICATE_METHOD_MATCH = YES;
				COPY_PHASE_STRIP = NO;
				DEBUG_INFORMATION_FORMAT = "dwarf-with-dsym";
				ENABLE_NS_ASSERTIONS = NO;
				ENABLE_STRICT_OBJC_MSGSEND = YES;
				ENABLE_USER_SCRIPT_SANDBOXING = YES;
				GCC_C_LANGUAGE_STANDARD = gnu17;
				GCC_NO_COMMON_BLOCKS = YES;
				GCC_WARN_64_TO_32_BIT_CONVERSION = YES;
				GCC_WARN_ABOUT_RETURN_TYPE = YES_ERROR;
				GCC_WARN_UNDECLARED_SELECTOR = YES;
				GCC_WARN_UNINITIALIZED_AUTOS = YES_AGGRESSIVE;
				GCC_WARN_UNUSED_FUNCTION = YES;
				GCC_WARN_UNUSED_VARIABLE = YES;
				IPHONEOS_DEPLOYMENT_TARGET = 17.0;
				LOCALIZATION_PREFERS_STRING_CATALOGS = YES;
				MTL_ENABLE_DEBUG_INFO = NO;
				MTL_FAST_MATH = YES;
				SDKROOT = iphoneos;
				SWIFT_COMPILATION_MODE = wholemodule;
				VALIDATE_PRODUCT = YES;
			};
			name = Release;
		};
		1BF831A02B18521B00814066 /* Debug */ = {
			isa = XCBuildConfiguration;
			buildSettings = {
				ASSETCATALOG_COMPILER_APPICON_NAME = AppIcon;
				ASSETCATALOG_COMPILER_GLOBAL_ACCENT_COLOR_NAME = AccentColor;
				CODE_SIGN_STYLE = Automatic;
				CURRENT_PROJECT_VERSION = 1;
				DEVELOPMENT_TEAM = 74V8J2W6H8;
				GENERATE_INFOPLIST_FILE = YES;
				INFOPLIST_FILE = SpiritPath/Info.plist;
				INFOPLIST_KEY_UIApplicationSupportsIndirectInputEvents = YES;
				INFOPLIST_KEY_UILaunchStoryboardName = LaunchScreen;
				INFOPLIST_KEY_UIMainStoryboardFile = Main;
				INFOPLIST_KEY_UISupportedInterfaceOrientations_iPad = "UIInterfaceOrientationPortrait UIInterfaceOrientationPortraitUpsideDown UIInterfaceOrientationLandscapeLeft UIInterfaceOrientationLandscapeRight";
				INFOPLIST_KEY_UISupportedInterfaceOrientations_iPhone = "UIInterfaceOrientationPortrait UIInterfaceOrientationLandscapeLeft UIInterfaceOrientationLandscapeRight";
				LD_RUNPATH_SEARCH_PATHS = (
					"$(inherited)",
					"@executable_path/Frameworks",
				);
				MARKETING_VERSION = 1.0;
				PRODUCT_BUNDLE_IDENTIFIER = WhiteCloud.SpiritPath;
				PRODUCT_NAME = "$(TARGET_NAME)";
				SWIFT_EMIT_LOC_STRINGS = YES;
				SWIFT_VERSION = 5.0;
				TARGETED_DEVICE_FAMILY = "1,2";
			};
			name = Debug;
		};
		1BF831A12B18521B00814066 /* Release */ = {
			isa = XCBuildConfiguration;
			buildSettings = {
				ASSETCATALOG_COMPILER_APPICON_NAME = AppIcon;
				ASSETCATALOG_COMPILER_GLOBAL_ACCENT_COLOR_NAME = AccentColor;
				CODE_SIGN_STYLE = Automatic;
				CURRENT_PROJECT_VERSION = 1;
				DEVELOPMENT_TEAM = 74V8J2W6H8;
				GENERATE_INFOPLIST_FILE = YES;
				INFOPLIST_FILE = SpiritPath/Info.plist;
				INFOPLIST_KEY_UIApplicationSupportsIndirectInputEvents = YES;
				INFOPLIST_KEY_UILaunchStoryboardName = LaunchScreen;
				INFOPLIST_KEY_UIMainStoryboardFile = Main;
				INFOPLIST_KEY_UISupportedInterfaceOrientations_iPad = "UIInterfaceOrientationPortrait UIInterfaceOrientationPortraitUpsideDown UIInterfaceOrientationLandscapeLeft UIInterfaceOrientationLandscapeRight";
				INFOPLIST_KEY_UISupportedInterfaceOrientations_iPhone = "UIInterfaceOrientationPortrait UIInterfaceOrientationLandscapeLeft UIInterfaceOrientationLandscapeRight";
				LD_RUNPATH_SEARCH_PATHS = (
					"$(inherited)",
					"@executable_path/Frameworks",
				);
				MARKETING_VERSION = 1.0;
				PRODUCT_BUNDLE_IDENTIFIER = WhiteCloud.SpiritPath;
				PRODUCT_NAME = "$(TARGET_NAME)";
				SWIFT_EMIT_LOC_STRINGS = YES;
				SWIFT_VERSION = 5.0;
				TARGETED_DEVICE_FAMILY = "1,2";
			};
			name = Release;
		};
		1BF831A32B18521B00814066 /* Debug */ = {
			isa = XCBuildConfiguration;
			buildSettings = {
				ALWAYS_EMBED_SWIFT_STANDARD_LIBRARIES = YES;
				BUNDLE_LOADER = "$(TEST_HOST)";
				CODE_SIGN_STYLE = Automatic;
				CURRENT_PROJECT_VERSION = 1;
				DEVELOPMENT_TEAM = 74V8J2W6H8;
				GENERATE_INFOPLIST_FILE = YES;
				IPHONEOS_DEPLOYMENT_TARGET = 17.0;
				MARKETING_VERSION = 1.0;
				PRODUCT_BUNDLE_IDENTIFIER = WhiteCloud.SpiritPathTests;
				PRODUCT_NAME = "$(TARGET_NAME)";
				SWIFT_EMIT_LOC_STRINGS = NO;
				SWIFT_VERSION = 5.0;
				TARGETED_DEVICE_FAMILY = "1,2";
				TEST_HOST = "$(BUILT_PRODUCTS_DIR)/SpiritPath.app/$(BUNDLE_EXECUTABLE_FOLDER_PATH)/SpiritPath";
			};
			name = Debug;
		};
		1BF831A42B18521B00814066 /* Release */ = {
			isa = XCBuildConfiguration;
			buildSettings = {
				ALWAYS_EMBED_SWIFT_STANDARD_LIBRARIES = YES;
				BUNDLE_LOADER = "$(TEST_HOST)";
				CODE_SIGN_STYLE = Automatic;
				CURRENT_PROJECT_VERSION = 1;
				DEVELOPMENT_TEAM = 74V8J2W6H8;
				GENERATE_INFOPLIST_FILE = YES;
				IPHONEOS_DEPLOYMENT_TARGET = 17.0;
				MARKETING_VERSION = 1.0;
				PRODUCT_BUNDLE_IDENTIFIER = WhiteCloud.SpiritPathTests;
				PRODUCT_NAME = "$(TARGET_NAME)";
				SWIFT_EMIT_LOC_STRINGS = NO;
				SWIFT_VERSION = 5.0;
				TARGETED_DEVICE_FAMILY = "1,2";
				TEST_HOST = "$(BUILT_PRODUCTS_DIR)/SpiritPath.app/$(BUNDLE_EXECUTABLE_FOLDER_PATH)/SpiritPath";
			};
			name = Release;
		};
		1BF831A62B18521B00814066 /* Debug */ = {
			isa = XCBuildConfiguration;
			buildSettings = {
				ALWAYS_EMBED_SWIFT_STANDARD_LIBRARIES = YES;
				CODE_SIGN_STYLE = Automatic;
				CURRENT_PROJECT_VERSION = 1;
				DEVELOPMENT_TEAM = 74V8J2W6H8;
				GENERATE_INFOPLIST_FILE = YES;
				MARKETING_VERSION = 1.0;
				PRODUCT_BUNDLE_IDENTIFIER = WhiteCloud.SpiritPathUITests;
				PRODUCT_NAME = "$(TARGET_NAME)";
				SWIFT_EMIT_LOC_STRINGS = NO;
				SWIFT_VERSION = 5.0;
				TARGETED_DEVICE_FAMILY = "1,2";
				TEST_TARGET_NAME = SpiritPath;
			};
			name = Debug;
		};
		1BF831A72B18521B00814066 /* Release */ = {
			isa = XCBuildConfiguration;
			buildSettings = {
				ALWAYS_EMBED_SWIFT_STANDARD_LIBRARIES = YES;
				CODE_SIGN_STYLE = Automatic;
				CURRENT_PROJECT_VERSION = 1;
				DEVELOPMENT_TEAM = 74V8J2W6H8;
				GENERATE_INFOPLIST_FILE = YES;
				MARKETING_VERSION = 1.0;
				PRODUCT_BUNDLE_IDENTIFIER = WhiteCloud.SpiritPathUITests;
				PRODUCT_NAME = "$(TARGET_NAME)";
				SWIFT_EMIT_LOC_STRINGS = NO;
				SWIFT_VERSION = 5.0;
				TARGETED_DEVICE_FAMILY = "1,2";
				TEST_TARGET_NAME = SpiritPath;
			};
			name = Release;
		};
/* End XCBuildConfiguration section */

/* Begin XCConfigurationList section */
		1BF8316D2B18521900814066 /* Build configuration list for PBXProject "SpiritPath" */ = {
			isa = XCConfigurationList;
			buildConfigurations = (
				1BF8319D2B18521B00814066 /* Debug */,
				1BF8319E2B18521B00814066 /* Release */,
			);
			defaultConfigurationIsVisible = 0;
			defaultConfigurationName = Release;
		};
		1BF8319F2B18521B00814066 /* Build configuration list for PBXNativeTarget "SpiritPath" */ = {
			isa = XCConfigurationList;
			buildConfigurations = (
				1BF831A02B18521B00814066 /* Debug */,
				1BF831A12B18521B00814066 /* Release */,
			);
			defaultConfigurationIsVisible = 0;
			defaultConfigurationName = Release;
		};
		1BF831A22B18521B00814066 /* Build configuration list for PBXNativeTarget "SpiritPathTests" */ = {
			isa = XCConfigurationList;
			buildConfigurations = (
				1BF831A32B18521B00814066 /* Debug */,
				1BF831A42B18521B00814066 /* Release */,
			);
			defaultConfigurationIsVisible = 0;
			defaultConfigurationName = Release;
		};
		1BF831A52B18521B00814066 /* Build configuration list for PBXNativeTarget "SpiritPathUITests" */ = {
			isa = XCConfigurationList;
			buildConfigurations = (
				1BF831A62B18521B00814066 /* Debug */,
				1BF831A72B18521B00814066 /* Release */,
			);
			defaultConfigurationIsVisible = 0;
			defaultConfigurationName = Release;
		};
/* End XCConfigurationList section */

/* Begin XCVersionGroup section */
		1BF8317E2B18521900814066 /* SpiritPath.xcdatamodeld */ = {
			isa = XCVersionGroup;
			children = (
				1BF8317F2B18521900814066 /* SpiritPath.xcdatamodel */,
			);
			currentVersion = 1BF8317F2B18521900814066 /* SpiritPath.xcdatamodel */;
			path = SpiritPath.xcdatamodeld;
			sourceTree = "<group>";
			versionGroupType = wrapper.xcdatamodel;
		};
/* End XCVersionGroup section */
	};
	rootObject = 1BF8316A2B18521900814066 /* Project object */;
}
